#MicroXplorer Configuration settings - do not modify
CORTEX_M7.ART_ACCLERATOR_ENABLE=1
CORTEX_M7.CPU_DCache=Enabled
CORTEX_M7.CPU_ICache=Enabled
CORTEX_M7.IPParameters=CPU_ICache,CPU_DCache,ART_ACCLERATOR_ENABLE,PREFETCH_ENABLE
CORTEX_M7.PREFETCH_ENABLE=1
FREERTOS.FootprintOK=true
FREERTOS.IPParameters=Tasks01,configUSE_APPLICATION_TASK_TAG,configTOTAL_HEAP_SIZE,configUSE_IDLE_HOOK,configUSE_TICK_HOOK,FootprintOK,configUSE_NEWLIB_REENTRANT
FREERTOS.Tasks01=TouchgfxTask,24,4096,StartTouchgfxTask,Default,NULL,Dynamic,NULL,NULL
FREERTOS.configTOTAL_HEAP_SIZE=65536
FREERTOS.configUSE_APPLICATION_TASK_TAG=1
FREERTOS.configUSE_IDLE_HOOK=1
FREERTOS.configUSE_NEWLIB_REENTRANT=1
FREERTOS.configUSE_TICK_HOOK=1
File.Version=6
GPIO.groupedBy=Group By Peripherals
KeepUserPlacement=false
Mcu.Family=STM32F7
Mcu.IP0=CORTEX_M7
Mcu.IP1=CRC
Mcu.IP10=TIM1
Mcu.IP11=TIM7
Mcu.IP12=TIM12
Mcu.IP13=UART5
Mcu.IP2=FREERTOS
Mcu.IP3=NVIC
Mcu.IP4=QUADSPI
Mcu.IP5=RCC
Mcu.IP6=SPI1
Mcu.IP7=SPI2
Mcu.IP8=SPI3
Mcu.IP9=SYS
Mcu.IPNb=14
Mcu.Name=STM32F722R(C-E)Tx
Mcu.Package=LQFP64
Mcu.Pin0=PC13
Mcu.Pin1=PC14-OSC32_IN
Mcu.Pin10=PA1
Mcu.Pin11=PA2
Mcu.Pin12=PA3
Mcu.Pin13=PA4
Mcu.Pin14=PA5
Mcu.Pin15=PA6
Mcu.Pin16=PA7
Mcu.Pin17=PC4
Mcu.Pin18=PB0
Mcu.Pin19=PB1
Mcu.Pin2=PC15-OSC32_OUT
Mcu.Pin20=PB2
Mcu.Pin21=PB10
Mcu.Pin22=PB11
Mcu.Pin23=PB12
Mcu.Pin24=PB13
Mcu.Pin25=PC8
Mcu.Pin26=PC9
Mcu.Pin27=PA8
Mcu.Pin28=PA9
Mcu.Pin29=PA12
Mcu.Pin3=PH0-OSC_IN
Mcu.Pin30=PA13
Mcu.Pin31=PA14
Mcu.Pin32=PA15
Mcu.Pin33=PC10
Mcu.Pin34=PC11
Mcu.Pin35=PC12
Mcu.Pin36=PD2
Mcu.Pin37=PB3
Mcu.Pin38=PB4
Mcu.Pin39=PB5
Mcu.Pin4=PH1-OSC_OUT
Mcu.Pin40=PB6
Mcu.Pin41=PB9
Mcu.Pin42=VP_CRC_VS_CRC
Mcu.Pin43=VP_FREERTOS_VS_CMSIS_V2
Mcu.Pin44=VP_SYS_VS_tim6
Mcu.Pin45=VP_TIM1_VS_ClockSourceINT
Mcu.Pin46=VP_TIM7_VS_ClockSourceINT
Mcu.Pin47=VP_TIM12_VS_ClockSourceINT
Mcu.Pin48=VP_STMicroelectronics.X-CUBE-TOUCHGFX_VS_GraphicsJjApplication_4.16.1
Mcu.Pin5=PC0
Mcu.Pin6=PC1
Mcu.Pin7=PC2
Mcu.Pin8=PC3
Mcu.Pin9=PA0-WKUP
Mcu.PinsNb=49
Mcu.ThirdParty0=STMicroelectronics.X-CUBE-TOUCHGFX.4.16.1
Mcu.ThirdPartyNb=1
Mcu.UserConstants=
Mcu.UserName=STM32F722RCTx
MxCube.Version=6.3.0
MxDb.Version=DB.6.0.30
NVIC.BusFault_IRQn=true\:0\:0\:false\:false\:true\:false\:false\:false
NVIC.DebugMonitor_IRQn=true\:0\:0\:false\:false\:true\:false\:false\:false
NVIC.ForceEnableDMAVector=true
NVIC.HardFault_IRQn=true\:0\:0\:false\:false\:true\:false\:false\:false
NVIC.MemoryManagement_IRQn=true\:0\:0\:false\:false\:true\:false\:false\:false
NVIC.NonMaskableInt_IRQn=true\:0\:0\:false\:false\:true\:false\:false\:false
NVIC.PendSV_IRQn=true\:15\:0\:false\:false\:false\:true\:false\:false
NVIC.PriorityGroup=NVIC_PRIORITYGROUP_4
NVIC.SPI1_IRQn=true\:5\:0\:true\:false\:true\:true\:true\:true
NVIC.SPI2_IRQn=true\:5\:0\:false\:false\:true\:true\:true\:true
NVIC.SPI3_IRQn=true\:5\:0\:false\:false\:true\:true\:true\:true
NVIC.SVCall_IRQn=true\:0\:0\:false\:false\:false\:false\:false\:false
NVIC.SavedPendsvIrqHandlerGenerated=true
NVIC.SavedSvcallIrqHandlerGenerated=true
NVIC.SavedSystickIrqHandlerGenerated=true
NVIC.SysTick_IRQn=true\:15\:0\:false\:false\:false\:true\:false\:true
NVIC.TIM6_DAC_IRQn=true\:15\:0\:false\:false\:true\:false\:false\:true
NVIC.TIM7_IRQn=true\:5\:0\:true\:false\:true\:true\:true\:true
NVIC.TIM8_BRK_TIM12_IRQn=true\:5\:0\:false\:false\:true\:true\:true\:true
NVIC.TimeBase=TIM6_DAC_IRQn
NVIC.TimeBaseIP=TIM6
NVIC.UART5_IRQn=true\:5\:0\:false\:false\:true\:true\:true\:true
NVIC.UsageFault_IRQn=true\:0\:0\:false\:false\:true\:false\:false\:false
PA0-WKUP.GPIOParameters=PinState,GPIO_Label
PA0-WKUP.GPIO_Label=SPI1_NSS5
PA0-WKUP.Locked=true
PA0-WKUP.PinState=GPIO_PIN_SET
PA0-WKUP.Signal=GPIO_Output
PA1.GPIOParameters=GPIO_Label
PA1.GPIO_Label=DCX1
PA1.Locked=true
PA1.Signal=GPIO_Output
PA12.GPIOParameters=GPIO_Label
PA12.GPIO_Label=RESETb
PA12.Locked=true
PA12.Signal=GPIO_Output
PA13.Mode=Serial_Wire
PA13.Signal=SYS_JTMS-SWDIO
PA14.Mode=Serial_Wire
PA14.Signal=SYS_JTCK-SWCLK
PA15.GPIOParameters=PinState,GPIO_Label
PA15.GPIO_Label=SPI3_NSS1
PA15.Locked=true
PA15.PinState=GPIO_PIN_SET
PA15.Signal=GPIO_Output
PA2.GPIOParameters=PinState,GPIO_Label
PA2.GPIO_Label=SPI2_NSS2
PA2.Locked=true
PA2.PinState=GPIO_PIN_SET
PA2.Signal=GPIO_Output
PA3.GPIOParameters=PinState,GPIO_Label
PA3.GPIO_Label=SPI2_NSS3
PA3.Locked=true
PA3.PinState=GPIO_PIN_SET
PA3.Signal=GPIO_Output
PA4.GPIOParameters=GPIO_Speed,PinState,GPIO_Label
PA4.GPIO_Label=SPI1_NSS1
PA4.GPIO_Speed=GPIO_SPEED_FREQ_LOW
PA4.Locked=true
PA4.PinState=GPIO_PIN_SET
PA4.Signal=GPIO_Output
PA5.Locked=true
PA5.Mode=Full_Duplex_Master
PA5.Signal=SPI1_SCK
PA6.Locked=true
PA6.Mode=Full_Duplex_Master
PA6.Signal=SPI1_MISO
PA7.Locked=true
PA7.Mode=Full_Duplex_Master
PA7.Signal=SPI1_MOSI
PA8.GPIOParameters=PinState,GPIO_Label
PA8.GPIO_Label=SPI3_NSS5
PA8.Locked=true
PA8.PinState=GPIO_PIN_SET
PA8.Signal=GPIO_Output
PA9.GPIOParameters=GPIO_Label
PA9.GPIO_Label=PWMA
PA9.Locked=true
PA9.Signal=S_TIM1_CH2
PB0.GPIOParameters=PinState,GPIO_Label
PB0.GPIO_Label=SPI2_NSS5
PB0.Locked=true
PB0.PinState=GPIO_PIN_SET
PB0.Signal=GPIO_Output
PB1.GPIOParameters=PinState,GPIO_Label
PB1.GPIO_Label=SPI3_NSS2
PB1.Locked=true
PB1.PinState=GPIO_PIN_SET
PB1.Signal=GPIO_Output
PB10.Mode=Full_Duplex_Master
PB10.Signal=SPI2_SCK
PB11.GPIOParameters=PinState,GPIO_Label
PB11.GPIO_Label=SPI3_NSS3
PB11.Locked=true
PB11.PinState=GPIO_PIN_SET
PB11.Signal=GPIO_Output
PB12.GPIOParameters=PinState,GPIO_Label
PB12.GPIO_Label=SPI2_NSS1
PB12.Locked=true
PB12.PinState=GPIO_PIN_SET
PB12.Signal=GPIO_Output
PB13.GPIOParameters=PinState,GPIO_Label
PB13.GPIO_Label=SPI3_NSS4
PB13.Locked=true
PB13.PinState=GPIO_PIN_SET
PB13.Signal=GPIO_Output
PB2.Locked=true
PB2.Mode=Single Bank 1 2IOs
PB2.Signal=QUADSPI_CLK
PB3.Mode=Full_Duplex_Master
PB3.Signal=SPI3_SCK
PB4.GPIOParameters=GPIO_Label
PB4.GPIO_Label=DCX2
PB4.Locked=true
PB4.Signal=GPIO_Output
PB5.Mode=Full_Duplex_Master
PB5.Signal=SPI3_MOSI
PB6.GPIOParameters=GPIO_FM6
PB6.GPIO_FM6=SYSCFG_PMC_I2C_PB6_FMP
PB6.Mode=Single Bank 1 2IOs
PB6.Signal=QUADSPI_BK1_NCS
PB9.GPIOParameters=GPIO_Label,GPIO_FM9
PB9.GPIO_FM9=SYSCFG_PMC_I2C_PB9_FMP
PB9.GPIO_Label=DCX3
PB9.Locked=true
PB9.Signal=GPIO_Output
PC0.GPIOParameters=PinState,GPIO_Label
PC0.GPIO_Label=SPI1_NSS3
PC0.Locked=true
PC0.PinState=GPIO_PIN_SET
PC0.Signal=GPIO_Output
PC1.Mode=Full_Duplex_Master
PC1.Signal=SPI2_MOSI
PC10.Mode=Single Bank 1 2IOs
PC10.Signal=QUADSPI_BK1_IO1
PC11.Mode=Full_Duplex_Master
PC11.Signal=SPI3_MISO
PC12.Locked=true
PC12.Mode=Asynchronous
PC12.Signal=UART5_TX
PC13.GPIOParameters=PinState,GPIO_Label
PC13.GPIO_Label=SPI1_NSS2
PC13.Locked=true
PC13.PinState=GPIO_PIN_SET
PC13.Signal=GPIO_Output
PC14-OSC32_IN.Mode=LSE-External-Oscillator
PC14-OSC32_IN.Signal=RCC_OSC32_IN
PC15-OSC32_OUT.Mode=LSE-External-Oscillator
PC15-OSC32_OUT.Signal=RCC_OSC32_OUT
PC2.Mode=Full_Duplex_Master
PC2.Signal=SPI2_MISO
PC3.GPIOParameters=PinState,GPIO_Label
PC3.GPIO_Label=SPI1_NSS4
PC3.Locked=true
PC3.PinState=GPIO_PIN_SET
PC3.Signal=GPIO_Output
PC4.GPIOParameters=GPIO_Speed,PinState,GPIO_Label
PC4.GPIO_Label=SPI2_NSS4
PC4.GPIO_Speed=GPIO_SPEED_FREQ_LOW
PC4.Locked=true
PC4.PinState=GPIO_PIN_SET
PC4.Signal=GPIO_Output
PC8.Locked=true
PC8.Mode=Hardware Flow Control (RS485)
PC8.Signal=UART5_DE
PC9.Mode=Single Bank 1 2IOs
PC9.Signal=QUADSPI_BK1_IO0
PD2.Locked=true
PD2.Mode=Asynchronous
PD2.Signal=UART5_RX
PH0-OSC_IN.Mode=HSE-External-Oscillator
PH0-OSC_IN.Signal=RCC_OSC_IN
PH1-OSC_OUT.Mode=HSE-External-Oscillator
PH1-OSC_OUT.Signal=RCC_OSC_OUT
PinOutPanel.RotationAngle=0
ProjectManager.AskForMigrate=true
ProjectManager.BackupPrevious=false
ProjectManager.CompilerOptimize=6
ProjectManager.ComputerToolchain=false
ProjectManager.CoupleFile=false
ProjectManager.CustomerFirmwarePackage=
ProjectManager.DefaultFWLocation=true
ProjectManager.DeletePrevious=true
ProjectManager.DeviceId=STM32F722RCTx
ProjectManager.FirmwarePackage=STM32Cube FW_F7 V1.16.2
ProjectManager.FreePins=true
ProjectManager.HalAssertFull=false
ProjectManager.HeapSize=0x200
ProjectManager.KeepUserCode=true
ProjectManager.LastFirmware=true
ProjectManager.LibraryCopy=1
ProjectManager.MainLocation=Core/Src
ProjectManager.NoMain=false
ProjectManager.PreviousToolchain=STM32CubeIDE
ProjectManager.ProjectBuild=false
ProjectManager.ProjectFileName=Application.ioc
ProjectManager.ProjectName=Application
ProjectManager.RegisterCallBack=
ProjectManager.StackSize=0x400
ProjectManager.TargetToolchain=STM32CubeIDE
ProjectManager.ToolChainLocation=
ProjectManager.UnderRoot=true
ProjectManager.functionlistsort=1-MX_GPIO_Init-GPIO-false-HAL-true,2-SystemClock_Config-RCC-false-HAL-false,3-MX_CRC_Init-CRC-false-HAL-true,4-MX_QUADSPI_Init-QUADSPI-false-HAL-true,5-MX_SPI1_Init-SPI1-false-HAL-true,6-MX_TIM7_Init-TIM7-false-HAL-true,7-MX_TIM12_Init-TIM12-false-HAL-true,8-MX_UART5_Init-UART5-false-HAL-true,9-MX_TIM1_Init-TIM1-false-HAL-true,10-MX_SPI2_Init-SPI2-false-HAL-true,11-MX_SPI3_Init-SPI3-false-HAL-true,12-MX_TouchGFX_Init-STMicroelectronics.X-CUBE-TOUCHGFX.4.16.1-false-HAL-false,13-MX_TouchGFX_Process-STMicroelectronics.X-CUBE-TOUCHGFX.4.16.1-false-HAL-false,0-MX_CORTEX_M7_Init-CORTEX_M7-false-HAL-true
QUADSPI.ClockPrescaler=100
QUADSPI.IPParameters=SampleShifting,ClockPrescaler
QUADSPI.SampleShifting=QSPI_SAMPLE_SHIFTING_NONE
RCC.AHBFreq_Value=216000000
RCC.APB1CLKDivider=RCC_HCLK_DIV4
RCC.APB1Freq_Value=54000000
RCC.APB1TimFreq_Value=108000000
RCC.APB2CLKDivider=RCC_HCLK_DIV2
RCC.APB2Freq_Value=108000000
RCC.APB2TimFreq_Value=216000000
RCC.CortexFreq_Value=216000000
RCC.FCLKCortexFreq_Value=216000000
RCC.FamilyName=M
RCC.HCLKFreq_Value=216000000
RCC.HSE_VALUE=12000000
RCC.HSI_VALUE=16000000
RCC.I2C1Freq_Value=54000000
RCC.I2C2Freq_Value=54000000
RCC.I2C3Freq_Value=54000000
RCC.I2SFreq_Value=192000000
RCC.IPParameters=AHBFreq_Value,APB1CLKDivider,APB1Freq_Value,APB1TimFreq_Value,APB2CLKDivider,APB2Freq_Value,APB2TimFreq_Value,CortexFreq_Value,FCLKCortexFreq_Value,FamilyName,HCLKFreq_Value,HSE_VALUE,HSI_VALUE,I2C1Freq_Value,I2C2Freq_Value,I2C3Freq_Value,I2SFreq_Value,LSI_VALUE,MCO2PinFreq_Value,PLLCLKFreq_Value,PLLI2SQCLKFreq_Value,PLLI2SRCLKFreq_Value,PLLI2SRoutputFreq_Value,PLLM,PLLN,PLLQCLKFreq_Value,PLLQoutputFreq_Value,PLLSAIPCLKFreq_Value,PLLSAIQCLKFreq_Value,PLLSAIoutputFreq_Value,PLLSourceVirtual,PWREXT_OverDrive,PWR_Regulator_Voltage_Scale,RNGFreq_Value,SAI1Freq_Value,SAI2Freq_Value,SDMMCFreq_Value,SYSCLKFreq_VALUE,SYSCLKSource,UART4Freq_Value,UART5Freq_Value,USART1Freq_Value,USART2Freq_Value,USART3Freq_Value,USART6Freq_Value,USBFreq_Value,VCOI2SOutputFreq_Value,VCOInputFreq_Value,VCOOutputFreq_Value,VCOSAIOutputFreq_Value
RCC.LSI_VALUE=32000
RCC.MCO2PinFreq_Value=216000000
RCC.PLLCLKFreq_Value=216000000
RCC.PLLI2SQCLKFreq_Value=192000000
RCC.PLLI2SRCLKFreq_Value=192000000
RCC.PLLI2SRoutputFreq_Value=192000000
RCC.PLLM=6
RCC.PLLN=216
RCC.PLLQCLKFreq_Value=216000000
RCC.PLLQoutputFreq_Value=216000000
RCC.PLLSAIPCLKFreq_Value=192000000
RCC.PLLSAIQCLKFreq_Value=192000000
RCC.PLLSAIoutputFreq_Value=192000000
RCC.PLLSourceVirtual=RCC_PLLSOURCE_HSE
RCC.PWREXT_OverDrive=PWREXT_OverDrive_ACTIVATED
RCC.PWR_Regulator_Voltage_Scale=PWR_REGULATOR_VOLTAGE_SCALE1
RCC.RNGFreq_Value=216000000
RCC.SAI1Freq_Value=192000000
RCC.SAI2Freq_Value=192000000
RCC.SDMMCFreq_Value=216000000
RCC.SYSCLKFreq_VALUE=216000000
RCC.SYSCLKSource=RCC_SYSCLKSOURCE_PLLCLK
RCC.UART4Freq_Value=54000000
RCC.UART5Freq_Value=54000000
RCC.USART1Freq_Value=108000000
RCC.USART2Freq_Value=54000000
RCC.USART3Freq_Value=54000000
RCC.USART6Freq_Value=108000000
RCC.USBFreq_Value=216000000
RCC.VCOI2SOutputFreq_Value=384000000
RCC.VCOInputFreq_Value=2000000
RCC.VCOOutputFreq_Value=432000000
RCC.VCOSAIOutputFreq_Value=384000000
SH.S_TIM1_CH2.0=TIM1_CH2,PWM Generation2 CH2
SH.S_TIM1_CH2.ConfNb=1
SPI1.BaudRatePrescaler=SPI_BAUDRATEPRESCALER_8
SPI1.CalculateBaudRate=13.5 MBits/s
SPI1.DataSize=SPI_DATASIZE_8BIT
SPI1.Direction=SPI_DIRECTION_2LINES
SPI1.IPParameters=VirtualType,Mode,Direction,CalculateBaudRate,DataSize,BaudRatePrescaler
SPI1.Mode=SPI_MODE_MASTER
SPI1.VirtualType=VM_MASTER
SPI2.BaudRatePrescaler=SPI_BAUDRATEPRESCALER_4
SPI2.CalculateBaudRate=13.5 MBits/s
SPI2.DataSize=SPI_DATASIZE_8BIT
SPI2.Direction=SPI_DIRECTION_2LINES
SPI2.IPParameters=VirtualType,Mode,Direction,CalculateBaudRate,DataSize,BaudRatePrescaler
SPI2.Mode=SPI_MODE_MASTER
SPI2.VirtualType=VM_MASTER
SPI3.BaudRatePrescaler=SPI_BAUDRATEPRESCALER_4
SPI3.CalculateBaudRate=13.5 MBits/s
SPI3.DataSize=SPI_DATASIZE_8BIT
SPI3.Direction=SPI_DIRECTION_2LINES
SPI3.IPParameters=VirtualType,Mode,Direction,DataSize,CalculateBaudRate,BaudRatePrescaler
SPI3.Mode=SPI_MODE_MASTER
SPI3.VirtualType=VM_MASTER
STMicroelectronics.X-CUBE-TOUCHGFX.4.16.1.ApplicationCcGraphicsJjApplication=TouchGFXOoGenerator
STMicroelectronics.X-CUBE-TOUCHGFX.4.16.1.GraphicsJjApplication_Checked=true
STMicroelectronics.X-CUBE-TOUCHGFX.4.16.1.IPParameters=tgfx_pixel_format,tgfx_custom_width,tgfx_custom_height,tgfx_buffering_strategy,ApplicationCcGraphicsJjApplication
STMicroelectronics.X-CUBE-TOUCHGFX.4.16.1.tgfx_buffering_strategy=Partial
STMicroelectronics.X-CUBE-TOUCHGFX.4.16.1.tgfx_custom_height=80
STMicroelectronics.X-CUBE-TOUCHGFX.4.16.1.tgfx_custom_width=160
STMicroelectronics.X-CUBE-TOUCHGFX.4.16.1.tgfx_pixel_format=RGB565\:16
STMicroelectronics.X-CUBE-TOUCHGFX.4.16.1_SwParameter=ApplicationCcGraphicsJjApplication\:TouchGFXOoGenerator;
TIM1.Channel-PWM\ Generation2\ CH2=TIM_CHANNEL_2
TIM1.IPParameters=Prescaler,Period,Channel-PWM Generation2 CH2,OCPolarity_2
TIM1.OCPolarity_2=TIM_OCPOLARITY_LOW
TIM1.Period=100-1
TIM1.Prescaler=1080-1
TIM12.IPParameters=Period
TIM12.Period=65535
TIM7.IPParameters=Prescaler,Period
TIM7.Period=500-1
TIM7.Prescaler=1800-1
VP_CRC_VS_CRC.Mode=CRC_Activate
VP_CRC_VS_CRC.Signal=CRC_VS_CRC
VP_FREERTOS_VS_CMSIS_V2.Mode=CMSIS_V2
VP_FREERTOS_VS_CMSIS_V2.Signal=FREERTOS_VS_CMSIS_V2
VP_STMicroelectronics.X-CUBE-TOUCHGFX_VS_GraphicsJjApplication_4.16.1.Mode=GraphicsJjApplication
VP_STMicroelectronics.X-CUBE-TOUCHGFX_VS_GraphicsJjApplication_4.16.1.Signal=STMicroelectronics.X-CUBE-TOUCHGFX_VS_GraphicsJjApplication_4.16.1
VP_SYS_VS_tim6.Mode=TIM6
VP_SYS_VS_tim6.Signal=SYS_VS_tim6
VP_TIM12_VS_ClockSourceINT.Mode=Internal
VP_TIM12_VS_ClockSourceINT.Signal=TIM12_VS_ClockSourceINT
VP_TIM1_VS_ClockSourceINT.Mode=Internal
VP_TIM1_VS_ClockSourceINT.Signal=TIM1_VS_ClockSourceINT
VP_TIM7_VS_ClockSourceINT.Mode=Enable_Timer
VP_TIM7_VS_ClockSourceINT.Signal=TIM7_VS_ClockSourceINT
board=custom
