<?xml version="1.0" encoding="utf-8"?>
<Project xmlns="http://schemas.microsoft.com/developer/msbuild/2003" ToolsVersion="4.0">
  <ItemGroup>
    <Filter Include="Header Files">
      <UniqueIdentifier>{4D1BFFCC-9CEB-4ABF-A951-582870FE71FD}</UniqueIdentifier>
      <Extensions>h;hpp;hxx;hm;inl;inc;xsd</Extensions>
    </Filter>
    <Filter Include="Header Files\TouchGFX">
      <UniqueIdentifier>{29C60541-803D-4F43-8683-028D9DA5E0CB}</UniqueIdentifier>
    </Filter>
    <Filter Include="Header Files\TouchGFX\common">
      <UniqueIdentifier>{AF2BF67C-89EC-4545-B0D2-5BD6803628D4}</UniqueIdentifier>
    </Filter>
    <Filter Include="Header Files\TouchGFX\mvp">
      <UniqueIdentifier>{A8F51E02-A400-49F1-AC86-371872A7E5E6}</UniqueIdentifier>
    </Filter>
    <Filter Include="Header Files\TouchGFX\platform">
      <UniqueIdentifier>{493CF637-721C-4516-8638-3EE4790FB455}</UniqueIdentifier>
    </Filter>
    <Filter Include="Header Files\TouchGFX\touchgfx">
      <UniqueIdentifier>{7187028B-6482-4EB3-8556-EECD38E0636B}</UniqueIdentifier>
    </Filter>
    <Filter Include="Header Files\TouchGFX\platform\driver">
      <UniqueIdentifier>{D2E6B448-6B79-434F-A8EB-C8F8415957E9}</UniqueIdentifier>
    </Filter>
    <Filter Include="Header Files\TouchGFX\platform\hal">
      <UniqueIdentifier>{07737357-9365-4A8F-B2F6-908B5FC4E808}</UniqueIdentifier>
    </Filter>
    <Filter Include="Header Files\TouchGFX\touchgfx\canvas_widget_renderer">
      <UniqueIdentifier>{085B248B-6BE1-4BF8-9913-35526BAEE4C7}</UniqueIdentifier>
    </Filter>
    <Filter Include="Header Files\TouchGFX\touchgfx\containers">
      <UniqueIdentifier>{E08C6B18-2F0E-4861-87D5-80FB0411017E}</UniqueIdentifier>
    </Filter>
    <Filter Include="Header Files\TouchGFX\touchgfx\events">
      <UniqueIdentifier>{29D72404-E5CB-472C-B00F-3784DF3CCD1E}</UniqueIdentifier>
    </Filter>
    <Filter Include="Header Files\TouchGFX\touchgfx\hal">
      <UniqueIdentifier>{09561B72-532B-45EB-8E32-CAA31C349F83}</UniqueIdentifier>
    </Filter>
    <Filter Include="Header Files\TouchGFX\touchgfx\lcd">
      <UniqueIdentifier>{A89B6308-CBC1-48EC-BF14-B3C6106FACCE}</UniqueIdentifier>
    </Filter>
    <Filter Include="Header Files\TouchGFX\touchgfx\mixins">
      <UniqueIdentifier>{DB82A963-BE52-4494-BD5E-358C5E79C081}</UniqueIdentifier>
    </Filter>
    <Filter Include="Header Files\TouchGFX\touchgfx\transforms">
      <UniqueIdentifier>{509E01BB-FBF4-4198-B748-936C1B67839A}</UniqueIdentifier>
    </Filter>
    <Filter Include="Header Files\TouchGFX\touchgfx\transitions">
      <UniqueIdentifier>{3F023E56-225A-4D4C-9D20-74447A23BAD9}</UniqueIdentifier>
    </Filter>
    <Filter Include="Header Files\TouchGFX\touchgfx\widgets">
      <UniqueIdentifier>{0E9A8FD3-B71B-46B9-B1F6-3A18292FFAC4}</UniqueIdentifier>
    </Filter>
    <Filter Include="Header Files\TouchGFX\platform\driver\lcd">
      <UniqueIdentifier>{9B32A742-EBA9-4EBA-832E-0421D7E68BC5}</UniqueIdentifier>
    </Filter>
    <Filter Include="Header Files\TouchGFX\platform\driver\touch">
      <UniqueIdentifier>{8C31441B-2191-4B32-869D-7B253AECB28F}</UniqueIdentifier>
    </Filter>
    <Filter Include="Header Files\TouchGFX\platform\hal\simulator">
      <UniqueIdentifier>{464CC9FB-AFF6-4FFA-B4D8-BCAC4B2B8898}</UniqueIdentifier>
    </Filter>
    <Filter Include="Header Files\TouchGFX\touchgfx\containers\clock">
      <UniqueIdentifier>{B7237C13-DD69-4F78-8446-9A554431E3F8}</UniqueIdentifier>
    </Filter>
    <Filter Include="Header Files\TouchGFX\touchgfx\containers\progress_indicators">
      <UniqueIdentifier>{5E0E884F-0059-4306-94BA-3197219750E3}</UniqueIdentifier>
    </Filter>
    <Filter Include="Header Files\TouchGFX\touchgfx\widgets\canvas">
      <UniqueIdentifier>{DBFF640A-BD63-40BC-A0A5-2468BC461037}</UniqueIdentifier>
    </Filter>
    <Filter Include="Header Files\TouchGFX\platform\hal\simulator\sdl2">
      <UniqueIdentifier>{EA3962C0-553C-4CFD-A89B-A116A9493818}</UniqueIdentifier>
    </Filter>
    <Filter Include="Header Files\generated">
      <UniqueIdentifier>{29C60541-803D-4F44-8783-028D9DA5E0CC}</UniqueIdentifier>
    </Filter>
    <Filter Include="Header Files\generated\simulator">
      <UniqueIdentifier>{29C60541-803D-4F43-8683-028D9DA5E0CC}</UniqueIdentifier>
    </Filter>
    <Filter Include="Resource Files">
      <UniqueIdentifier>{92BBFF14-FBDB-4755-BA47-A830D863D92B}</UniqueIdentifier>
      <Extensions>rc;ico;cur;bmp;dlg;rc2;rct;bin;rgs;gif;jpg;jpeg;jpe;resx;tiff;tif;ttf;otf;bdf;png;wav;xlsx;props;mfcribbon-ms</Extensions>
    </Filter>
    <Filter Include="Resource Files\assets">
      <UniqueIdentifier>{AF899B0F-78BE-47F9-A912-E92CB9156E40}</UniqueIdentifier>
    </Filter>
    <Filter Include="Resource Files\config">
      <UniqueIdentifier>{29E8A9F8-6504-4625-AB47-671A3F665E51}</UniqueIdentifier>
    </Filter>
    <Filter Include="Resource Files\assets\texts">
      <UniqueIdentifier>{382278FD-2B19-4E89-AE4F-24AF77E7A270}</UniqueIdentifier>
    </Filter>
    <Filter Include="Resource Files\config\msvs">
      <UniqueIdentifier>{C24EAEDB-9A3F-43DC-87FB-C7AC2729A078}</UniqueIdentifier>
    </Filter>
    <Filter Include="Source Files">
      <UniqueIdentifier>{2F3FC0AA-97C4-4366-9939-94A0FF4E028C}</UniqueIdentifier>
      <Extensions>cpp;c;cc;cxx;def;odl;idl;hpj;bat;asm;asmx</Extensions>
    </Filter>
    <Filter Include="Source Files\TouchGFX">
      <UniqueIdentifier>{C07B02A9-A55E-47AA-AD61-59A6AAD754E6}</UniqueIdentifier>
    </Filter>
    <Filter Include="Source Files\TouchGFX\platform">
      <UniqueIdentifier>{33EDC2DB-AF72-480C-92E5-2A2833BCAB6F}</UniqueIdentifier>
    </Filter>
    <Filter Include="Source Files\TouchGFX\platform\driver">
      <UniqueIdentifier>{1D8EFD90-430A-4539-9080-16A38861D20A}</UniqueIdentifier>
    </Filter>
    <Filter Include="Source Files\TouchGFX\platform\hal">
      <UniqueIdentifier>{E8DECBF2-0C8E-4397-8603-3101D6F922D6}</UniqueIdentifier>
    </Filter>
    <Filter Include="Source Files\TouchGFX\platform\driver\touch">
      <UniqueIdentifier>{40F0D55D-79D9-488A-AF83-ADC96179EADF}</UniqueIdentifier>
    </Filter>
    <Filter Include="Source Files\TouchGFX\platform\hal\simulator">
      <UniqueIdentifier>{3FB50DD5-31DA-4042-B7FD-2151C58CDA80}</UniqueIdentifier>
    </Filter>
    <Filter Include="Source Files\TouchGFX\platform\hal\simulator\sdl2">
      <UniqueIdentifier>{B48CB42B-0F9E-4815-BFE1-1ACC1150ED8A}</UniqueIdentifier>
    </Filter>
    <Filter Include="Source Files\simulator">
      <UniqueIdentifier>{C07B03A9-A55E-47AA-AD61-59A6AAD754E6}</UniqueIdentifier>
    </Filter>
    <Filter Include="Source Files\generated">
      <UniqueIdentifier>{C07B02B9-A55E-47AB-AD61-59A6AAD754E6}</UniqueIdentifier>
    </Filter>
    <Filter Include="Source Files\generated\simulator">
      <UniqueIdentifier>{C07B02B9-A55E-47AA-AD61-59A6AAD754E6}</UniqueIdentifier>
    </Filter>
    <Filter Include="Source Files\gui">
      <UniqueIdentifier>73351789-6275-FFD0-700E-2E3324605A4E</UniqueIdentifier>
    </Filter>
    <Filter Include="Header Files\gui">
      <UniqueIdentifier>7A1C309A-31FA-0452-2371-7DA3D69750C0</UniqueIdentifier>
    </Filter>
    <Filter Include="Header Files\gui\common">
      <UniqueIdentifier>72E7F9B4-3685-9B3D-B5A1-6AC65A2BED34</UniqueIdentifier>
    </Filter>
    <Filter Include="Source Files\generated\gui_generated">
      <UniqueIdentifier>6A2B1CCA-DCA7-6D09-0BFE-8DF6C7DA8364</UniqueIdentifier>
    </Filter>
    <Filter Include="Header Files\gui\model">
      <UniqueIdentifier>04217F34-2611-AD47-F558-86055D7359AF</UniqueIdentifier>
    </Filter>
    <Filter Include="Header Files\generated\gui_generated">
      <UniqueIdentifier>273AC1D0-6115-D328-3F52-967412364103</UniqueIdentifier>
    </Filter>
    <Filter Include="Source Files\gui\model">
      <UniqueIdentifier>1DF2910F-CD1B-82CD-329B-02B34CC16AE8</UniqueIdentifier>
    </Filter>
    <Filter Include="Source Files\gui\common">
      <UniqueIdentifier>3BEE95AB-7528-A3E0-9B4A-F2E482C6481F</UniqueIdentifier>
    </Filter>
    <Filter Include="Source Files\generated\gui_generated\common">
      <UniqueIdentifier>DAA052EF-3B30-79EE-2FFE-6745F4D0FF07</UniqueIdentifier>
    </Filter>
    <Filter Include="Header Files\generated\gui_generated\common">
      <UniqueIdentifier>FED5DAEF-175D-4A3C-6334-4AECA1C50D95</UniqueIdentifier>
    </Filter>
    <Filter Include="Source Files\gui\screen11_screen">
      <UniqueIdentifier>ED36AFBA-8C69-ADBF-E73B-EF04658C2FA4</UniqueIdentifier>
    </Filter>
    <Filter Include="Header Files\gui\screen11_screen">
      <UniqueIdentifier>3B2D5D60-D92E-B8D5-726E-0BC702DC3D03</UniqueIdentifier>
    </Filter>
    <Filter Include="Source Files\gui\screen12_screen">
      <UniqueIdentifier>F0D1CC6F-4419-8DC4-6407-E9D583317721</UniqueIdentifier>
    </Filter>
    <Filter Include="Header Files\gui\screen12_screen">
      <UniqueIdentifier>02701604-249A-199A-BD84-F44BDE76F019</UniqueIdentifier>
    </Filter>
    <Filter Include="Header Files\gui\screen10_screen">
      <UniqueIdentifier>C9D42038-2276-9E82-9FD3-7D7A20510A7E</UniqueIdentifier>
    </Filter>
    <Filter Include="Source Files\gui\screen10_screen">
      <UniqueIdentifier>BBB2FAD2-339F-3D0E-3DB1-FCB70A836B55</UniqueIdentifier>
    </Filter>
    <Filter Include="Header Files\gui\screen15_screen">
      <UniqueIdentifier>D9338CC5-1DA5-AFB7-FFD1-58ECFB297209</UniqueIdentifier>
    </Filter>
    <Filter Include="Source Files\gui\screen15_screen">
      <UniqueIdentifier>59C5D907-CB08-4E7C-B79D-3E6011554569</UniqueIdentifier>
    </Filter>
    <Filter Include="Source Files\gui\screen13_screen">
      <UniqueIdentifier>4E0FC2B0-CCF2-9480-C8F2-30FD25FA4B49</UniqueIdentifier>
    </Filter>
    <Filter Include="Header Files\gui\screen13_screen">
      <UniqueIdentifier>FD312FAA-C9D3-DEFE-672A-7B82AEDE8619</UniqueIdentifier>
    </Filter>
    <Filter Include="Header Files\gui\screen14_screen">
      <UniqueIdentifier>152F4008-A878-268A-D9C2-FDB7B964EC86</UniqueIdentifier>
    </Filter>
    <Filter Include="Source Files\gui\screen14_screen">
      <UniqueIdentifier>4D448C5B-96F0-9324-D3B1-C867F0F8327E</UniqueIdentifier>
    </Filter>
    <Filter Include="Source Files\generated\gui_generated\screen10_screen">
      <UniqueIdentifier>8121458C-0254-3B69-91AD-7DADE1262CBE</UniqueIdentifier>
    </Filter>
    <Filter Include="Header Files\generated\gui_generated\screen10_screen">
      <UniqueIdentifier>61AEF16B-C276-7510-06E4-28CD0437593B</UniqueIdentifier>
    </Filter>
    <Filter Include="Source Files\generated\gui_generated\screen11_screen">
      <UniqueIdentifier>00A157D9-4BFB-F647-22B2-ADB6D89475FD</UniqueIdentifier>
    </Filter>
    <Filter Include="Header Files\generated\gui_generated\screen11_screen">
      <UniqueIdentifier>A77F117A-119C-7C4F-E847-B1FC8A6CC8C1</UniqueIdentifier>
    </Filter>
    <Filter Include="Header Files\generated\gui_generated\screen15_screen">
      <UniqueIdentifier>7FC70E3D-333D-EBEE-6DED-4D2BCAF47102</UniqueIdentifier>
    </Filter>
    <Filter Include="Source Files\generated\gui_generated\screen12_screen">
      <UniqueIdentifier>2B2C7E35-8297-1510-4D1F-415CEE15B6EA</UniqueIdentifier>
    </Filter>
    <Filter Include="Source Files\generated\gui_generated\screen15_screen">
      <UniqueIdentifier>A244DF09-F443-328D-FAF9-D85BE8757F3C</UniqueIdentifier>
    </Filter>
    <Filter Include="Header Files\generated\gui_generated\screen12_screen">
      <UniqueIdentifier>2CE71FAB-3C9E-E002-1FCA-9D8F1882FCE7</UniqueIdentifier>
    </Filter>
    <Filter Include="Header Files\generated\gui_generated\screen14_screen">
      <UniqueIdentifier>48410DCC-038B-FB59-5E2D-F0A6DFEF361E</UniqueIdentifier>
    </Filter>
    <Filter Include="Source Files\generated\gui_generated\screen14_screen">
      <UniqueIdentifier>CBF25327-F167-B70A-C091-57E48F9D5E57</UniqueIdentifier>
    </Filter>
    <Filter Include="Header Files\generated\gui_generated\screen13_screen">
      <UniqueIdentifier>CDBD85B2-DAA3-2D4A-378D-D4C3ACBA8936</UniqueIdentifier>
    </Filter>
    <Filter Include="Source Files\generated\gui_generated\screen13_screen">
      <UniqueIdentifier>E14CA1DC-3470-88FE-5524-8941F03183CA</UniqueIdentifier>
    </Filter>
    <Filter Include="Source Files\gui\screen09_screen">
      <UniqueIdentifier>87B7DB5C-6303-803F-9FB7-93392FFCD2AB</UniqueIdentifier>
    </Filter>
    <Filter Include="Header Files\gui\screen09_screen">
      <UniqueIdentifier>5716EFC0-746F-93B1-EB58-EF53F05B77F4</UniqueIdentifier>
    </Filter>
    <Filter Include="Header Files\gui\screen08_screen">
      <UniqueIdentifier>160EE394-400D-2F07-93D0-C6CC6BCDC0A7</UniqueIdentifier>
    </Filter>
    <Filter Include="Source Files\gui\screen08_screen">
      <UniqueIdentifier>A1BF2585-9E4F-CA65-413D-4996CB404E9C</UniqueIdentifier>
    </Filter>
    <Filter Include="Header Files\gui\screen07_screen">
      <UniqueIdentifier>6228AF21-65E8-5D8F-EC8E-A236519BD68A</UniqueIdentifier>
    </Filter>
    <Filter Include="Source Files\gui\screen07_screen">
      <UniqueIdentifier>A1CD38DA-0D5F-8209-E977-FB22643A0E69</UniqueIdentifier>
    </Filter>
    <Filter Include="Header Files\gui\screen06_screen">
      <UniqueIdentifier>23A37513-72B1-D375-3C3A-D12534812615</UniqueIdentifier>
    </Filter>
    <Filter Include="Source Files\gui\screen06_screen">
      <UniqueIdentifier>8F46AB8B-384A-0AC5-36CE-54AF4E483633</UniqueIdentifier>
    </Filter>
    <Filter Include="Header Files\gui\screen05_screen">
      <UniqueIdentifier>50F22ACA-3FAC-26E2-6B5A-9F649EFE02A3</UniqueIdentifier>
    </Filter>
    <Filter Include="Source Files\gui\screen05_screen">
      <UniqueIdentifier>B0774C2F-7D74-FDDC-2493-6335E77E16A3</UniqueIdentifier>
    </Filter>
    <Filter Include="Header Files\gui\screen04_screen">
      <UniqueIdentifier>5BA90B8A-FF48-C713-2910-2F0C3657ED09</UniqueIdentifier>
    </Filter>
    <Filter Include="Source Files\gui\screen04_screen">
      <UniqueIdentifier>D260103F-5A07-017D-3908-C50DC8257FE2</UniqueIdentifier>
    </Filter>
    <Filter Include="Header Files\gui\screen03_screen">
      <UniqueIdentifier>DC04E208-4865-6B62-1241-041486AE55B9</UniqueIdentifier>
    </Filter>
    <Filter Include="Source Files\gui\screen03_screen">
      <UniqueIdentifier>3FCAC2CE-0C5F-768E-CE5E-301671ECFEA0</UniqueIdentifier>
    </Filter>
    <Filter Include="Header Files\gui\screen02_screen">
      <UniqueIdentifier>59AA3D28-1501-B3D0-490C-1E65C5034A19</UniqueIdentifier>
    </Filter>
    <Filter Include="Source Files\gui\screen02_screen">
      <UniqueIdentifier>E34D9EC2-88E6-2823-E084-E70AB8B375DA</UniqueIdentifier>
    </Filter>
    <Filter Include="Source Files\generated\gui_generated\screen02_screen">
      <UniqueIdentifier>6DE249A9-451B-7475-180A-F4DFE161B81D</UniqueIdentifier>
    </Filter>
    <Filter Include="Header Files\generated\gui_generated\screen02_screen">
      <UniqueIdentifier>2E10BA0E-11E0-7645-2484-6AF8BBCA2235</UniqueIdentifier>
    </Filter>
    <Filter Include="Source Files\generated\gui_generated\screen03_screen">
      <UniqueIdentifier>5FACDD2F-31DB-7A2D-77C7-504BD7FFD3C5</UniqueIdentifier>
    </Filter>
    <Filter Include="Header Files\generated\gui_generated\screen03_screen">
      <UniqueIdentifier>E809F68F-D1E7-84D6-8FCB-1BC6F1D2A46E</UniqueIdentifier>
    </Filter>
    <Filter Include="Source Files\generated\gui_generated\screen04_screen">
      <UniqueIdentifier>4A470603-70D7-325E-A755-E75516A0F0E9</UniqueIdentifier>
    </Filter>
    <Filter Include="Header Files\generated\gui_generated\screen04_screen">
      <UniqueIdentifier>39A94F7A-1494-FF26-051F-46DB71C1D257</UniqueIdentifier>
    </Filter>
    <Filter Include="Source Files\generated\gui_generated\screen05_screen">
      <UniqueIdentifier>505E27E6-876F-1B27-DFBC-F256BA648284</UniqueIdentifier>
    </Filter>
    <Filter Include="Header Files\generated\gui_generated\screen05_screen">
      <UniqueIdentifier>2ACEC103-EF31-9709-7FAB-A87B85826372</UniqueIdentifier>
    </Filter>
    <Filter Include="Source Files\generated\gui_generated\screen06_screen">
      <UniqueIdentifier>6CA8F441-5989-E087-1C45-CCD2D3465C56</UniqueIdentifier>
    </Filter>
    <Filter Include="Header Files\generated\gui_generated\screen06_screen">
      <UniqueIdentifier>25A2C211-8088-D3F9-9E17-C4ACE53B00BF</UniqueIdentifier>
    </Filter>
    <Filter Include="Source Files\generated\gui_generated\screen07_screen">
      <UniqueIdentifier>22C61A23-FEB5-4F67-B0FC-0CBEB8CB4988</UniqueIdentifier>
    </Filter>
    <Filter Include="Header Files\generated\gui_generated\screen07_screen">
      <UniqueIdentifier>94EA1A28-3EF0-6C70-60EF-C186D5156AFA</UniqueIdentifier>
    </Filter>
    <Filter Include="Source Files\generated\gui_generated\screen08_screen">
      <UniqueIdentifier>39FA26F1-914C-FE81-3B61-6E0BA95DB50F</UniqueIdentifier>
    </Filter>
    <Filter Include="Header Files\generated\gui_generated\screen09_screen">
      <UniqueIdentifier>0B47F359-2E22-2C84-E536-A89CB3AE8A05</UniqueIdentifier>
    </Filter>
    <Filter Include="Header Files\generated\gui_generated\screen08_screen">
      <UniqueIdentifier>C35BD76A-3EFB-F14D-C861-200CCCE8B102</UniqueIdentifier>
    </Filter>
    <Filter Include="Source Files\generated\gui_generated\screen09_screen">
      <UniqueIdentifier>FB1A0357-2400-2489-3A27-6DFB5C561253</UniqueIdentifier>
    </Filter>
    <Filter Include="Header Files\gui\screen99_screen">
      <UniqueIdentifier>C0FFE391-530E-8422-3FA3-44632AF7B78F</UniqueIdentifier>
    </Filter>
    <Filter Include="Source Files\gui\screen99_screen">
      <UniqueIdentifier>80C5A153-60D3-4EFB-C69B-77E8CAD12D91</UniqueIdentifier>
    </Filter>
    <Filter Include="Source Files\generated\gui_generated\screen99_screen">
      <UniqueIdentifier>96278C32-4830-2BF0-1C80-A8D515D15DB9</UniqueIdentifier>
    </Filter>
    <Filter Include="Header Files\generated\gui_generated\screen99_screen">
      <UniqueIdentifier>096F36DD-AA56-7538-AAB2-FEFFBF2B56BD</UniqueIdentifier>
    </Filter>
  </ItemGroup>
  <ItemGroup>
    <ClCompile Include="$(TouchGFXReleasePath)\framework\source\platform\driver\touch\SDL2TouchController.cpp">
      <Filter>Source Files\TouchGFX\platform\driver\touch</Filter>
    </ClCompile>
    <ClCompile Include="$(TouchGFXReleasePath)\framework\source\platform\hal\simulator\sdl2\HALSDL2.cpp">
      <Filter>Source Files\TouchGFX\platform\hal\simulator\sdl2</Filter>
    </ClCompile>
    <ClCompile Include="$(TouchGFXReleasePath)\framework\source\platform\hal\simulator\sdl2\HALSDL2_icon.cpp">
      <Filter>Source Files\TouchGFX\platform\hal\simulator\sdl2</Filter>
    </ClCompile>
    <ClCompile Include="$(TouchGFXReleasePath)\framework\source\platform\hal\simulator\sdl2\OSWrappers.cpp">
      <Filter>Source Files\TouchGFX\platform\hal\simulator\sdl2</Filter>
    </ClCompile>
    <ClCompile Include="$(ApplicationRoot)\simulator\main.cpp">
      <Filter>Source Files\simulator</Filter>
    </ClCompile>
    <ClCompile Include="$(ApplicationRoot)\generated\simulator\src\mainBase.cpp">
      <Filter>Source Files\generated\simulator</Filter>
    </ClCompile>
    <ClCompile Include="..\..\gui\src\common\FrontendApplication.cpp">
      <Filter>Source Files\gui\common</Filter>
    </ClCompile>
    <ClCompile Include="..\..\generated\gui_generated\src\common\FrontendApplicationBase.cpp">
      <Filter>Source Files\generated\gui_generated\common</Filter>
    </ClCompile>
    <ClCompile Include="..\..\gui\src\model\Model.cpp">
      <Filter>Source Files\gui\model</Filter>
    </ClCompile>
    <ClCompile Include="..\..\gui\src\screen10_screen\Screen10Presenter.cpp">
      <Filter>Source Files\gui\screen10_screen</Filter>
    </ClCompile>
    <ClCompile Include="..\..\gui\src\screen10_screen\Screen10View.cpp">
      <Filter>Source Files\gui\screen10_screen</Filter>
    </ClCompile>
    <ClCompile Include="..\..\generated\gui_generated\src\screen10_screen\Screen10ViewBase.cpp">
      <Filter>Source Files\generated\gui_generated\screen10_screen</Filter>
    </ClCompile>
    <ClCompile Include="..\..\gui\src\screen11_screen\Screen11Presenter.cpp">
      <Filter>Source Files\gui\screen11_screen</Filter>
    </ClCompile>
    <ClCompile Include="..\..\gui\src\screen11_screen\Screen11View.cpp">
      <Filter>Source Files\gui\screen11_screen</Filter>
    </ClCompile>
    <ClCompile Include="..\..\generated\gui_generated\src\screen11_screen\Screen11ViewBase.cpp">
      <Filter>Source Files\generated\gui_generated\screen11_screen</Filter>
    </ClCompile>
    <ClCompile Include="..\..\gui\src\screen12_screen\Screen12Presenter.cpp">
      <Filter>Source Files\gui\screen12_screen</Filter>
    </ClCompile>
    <ClCompile Include="..\..\gui\src\screen12_screen\Screen12View.cpp">
      <Filter>Source Files\gui\screen12_screen</Filter>
    </ClCompile>
    <ClCompile Include="..\..\generated\gui_generated\src\screen12_screen\Screen12ViewBase.cpp">
      <Filter>Source Files\generated\gui_generated\screen12_screen</Filter>
    </ClCompile>
    <ClCompile Include="..\..\gui\src\screen13_screen\Screen13Presenter.cpp">
      <Filter>Source Files\gui\screen13_screen</Filter>
    </ClCompile>
    <ClCompile Include="..\..\gui\src\screen13_screen\Screen13View.cpp">
      <Filter>Source Files\gui\screen13_screen</Filter>
    </ClCompile>
    <ClCompile Include="..\..\generated\gui_generated\src\screen13_screen\Screen13ViewBase.cpp">
      <Filter>Source Files\generated\gui_generated\screen13_screen</Filter>
    </ClCompile>
    <ClCompile Include="..\..\gui\src\screen14_screen\Screen14Presenter.cpp">
      <Filter>Source Files\gui\screen14_screen</Filter>
    </ClCompile>
    <ClCompile Include="..\..\gui\src\screen14_screen\Screen14View.cpp">
      <Filter>Source Files\gui\screen14_screen</Filter>
    </ClCompile>
    <ClCompile Include="..\..\generated\gui_generated\src\screen14_screen\Screen14ViewBase.cpp">
      <Filter>Source Files\generated\gui_generated\screen14_screen</Filter>
    </ClCompile>
    <ClCompile Include="..\..\gui\src\screen15_screen\Screen15Presenter.cpp">
      <Filter>Source Files\gui\screen15_screen</Filter>
    </ClCompile>
    <ClCompile Include="..\..\gui\src\screen15_screen\Screen15View.cpp">
      <Filter>Source Files\gui\screen15_screen</Filter>
    </ClCompile>
    <ClCompile Include="..\..\generated\gui_generated\src\screen15_screen\Screen15ViewBase.cpp">
      <Filter>Source Files\generated\gui_generated\screen15_screen</Filter>
    </ClCompile>
    <ClCompile Include="..\..\gui\src\screen02_screen\Screen02Presenter.cpp">
      <Filter>Source Files\gui\screen02_screen</Filter>
    </ClCompile>
    <ClCompile Include="..\..\gui\src\screen02_screen\Screen02View.cpp">
      <Filter>Source Files\gui\screen02_screen</Filter>
    </ClCompile>
    <ClCompile Include="..\..\generated\gui_generated\src\screen02_screen\Screen02ViewBase.cpp">
      <Filter>Source Files\generated\gui_generated\screen02_screen</Filter>
    </ClCompile>
    <ClCompile Include="..\..\gui\src\screen03_screen\Screen03Presenter.cpp">
      <Filter>Source Files\gui\screen03_screen</Filter>
    </ClCompile>
    <ClCompile Include="..\..\gui\src\screen03_screen\Screen03View.cpp">
      <Filter>Source Files\gui\screen03_screen</Filter>
    </ClCompile>
    <ClCompile Include="..\..\generated\gui_generated\src\screen03_screen\Screen03ViewBase.cpp">
      <Filter>Source Files\generated\gui_generated\screen03_screen</Filter>
    </ClCompile>
    <ClCompile Include="..\..\gui\src\screen04_screen\Screen04Presenter.cpp">
      <Filter>Source Files\gui\screen04_screen</Filter>
    </ClCompile>
    <ClCompile Include="..\..\gui\src\screen04_screen\Screen04View.cpp">
      <Filter>Source Files\gui\screen04_screen</Filter>
    </ClCompile>
    <ClCompile Include="..\..\generated\gui_generated\src\screen04_screen\Screen04ViewBase.cpp">
      <Filter>Source Files\generated\gui_generated\screen04_screen</Filter>
    </ClCompile>
    <ClCompile Include="..\..\gui\src\screen05_screen\Screen05Presenter.cpp">
      <Filter>Source Files\gui\screen05_screen</Filter>
    </ClCompile>
    <ClCompile Include="..\..\gui\src\screen05_screen\Screen05View.cpp">
      <Filter>Source Files\gui\screen05_screen</Filter>
    </ClCompile>
    <ClCompile Include="..\..\generated\gui_generated\src\screen05_screen\Screen05ViewBase.cpp">
      <Filter>Source Files\generated\gui_generated\screen05_screen</Filter>
    </ClCompile>
    <ClCompile Include="..\..\gui\src\screen06_screen\Screen06Presenter.cpp">
      <Filter>Source Files\gui\screen06_screen</Filter>
    </ClCompile>
    <ClCompile Include="..\..\gui\src\screen06_screen\Screen06View.cpp">
      <Filter>Source Files\gui\screen06_screen</Filter>
    </ClCompile>
    <ClCompile Include="..\..\generated\gui_generated\src\screen06_screen\Screen06ViewBase.cpp">
      <Filter>Source Files\generated\gui_generated\screen06_screen</Filter>
    </ClCompile>
    <ClCompile Include="..\..\gui\src\screen07_screen\Screen07Presenter.cpp">
      <Filter>Source Files\gui\screen07_screen</Filter>
    </ClCompile>
    <ClCompile Include="..\..\gui\src\screen07_screen\Screen07View.cpp">
      <Filter>Source Files\gui\screen07_screen</Filter>
    </ClCompile>
    <ClCompile Include="..\..\generated\gui_generated\src\screen07_screen\Screen07ViewBase.cpp">
      <Filter>Source Files\generated\gui_generated\screen07_screen</Filter>
    </ClCompile>
    <ClCompile Include="..\..\gui\src\screen08_screen\Screen08Presenter.cpp">
      <Filter>Source Files\gui\screen08_screen</Filter>
    </ClCompile>
    <ClCompile Include="..\..\gui\src\screen08_screen\Screen08View.cpp">
      <Filter>Source Files\gui\screen08_screen</Filter>
    </ClCompile>
    <ClCompile Include="..\..\generated\gui_generated\src\screen08_screen\Screen08ViewBase.cpp">
      <Filter>Source Files\generated\gui_generated\screen08_screen</Filter>
    </ClCompile>
    <ClCompile Include="..\..\gui\src\screen09_screen\Screen09Presenter.cpp">
      <Filter>Source Files\gui\screen09_screen</Filter>
    </ClCompile>
    <ClCompile Include="..\..\gui\src\screen09_screen\Screen09View.cpp">
      <Filter>Source Files\gui\screen09_screen</Filter>
    </ClCompile>
    <ClCompile Include="..\..\generated\gui_generated\src\screen09_screen\Screen09ViewBase.cpp">
      <Filter>Source Files\generated\gui_generated\screen09_screen</Filter>
    </ClCompile>
    <ClCompile Include="..\..\gui\src\screen99_screen\Screen99Presenter.cpp">
      <Filter>Source Files\gui\screen99_screen</Filter>
    </ClCompile>
    <ClCompile Include="..\..\gui\src\screen99_screen\Screen99View.cpp">
      <Filter>Source Files\gui\screen99_screen</Filter>
    </ClCompile>
    <ClCompile Include="..\..\generated\gui_generated\src\screen99_screen\Screen99ViewBase.cpp">
      <Filter>Source Files\generated\gui_generated\screen99_screen</Filter>
    </ClCompile>
  </ItemGroup>
  <ItemGroup>
    <None Include="$(ApplicationRoot)\assets\texts\texts.xlsx">
      <Filter>Resource Files\assets\texts</Filter>
    </None>
    <None Include="$(ApplicationRoot)\config\msvs\Application.props">
      <Filter>Resource Files\config\msvs</Filter>
    </None>
  </ItemGroup>
  <ItemGroup>
    <ClInclude Include="$(TouchGFXReleasePath)\framework\include\common\AbstractPartition.hpp">
      <Filter>Header Files\TouchGFX\common</Filter>
    </ClInclude>
    <ClInclude Include="$(TouchGFXReleasePath)\framework\include\common\Meta.hpp">
      <Filter>Header Files\TouchGFX\common</Filter>
    </ClInclude>
    <ClInclude Include="$(TouchGFXReleasePath)\framework\include\common\Partition.hpp">
      <Filter>Header Files\TouchGFX\common</Filter>
    </ClInclude>
    <ClInclude Include="$(TouchGFXReleasePath)\framework\include\common\TouchGFXInit.hpp">
      <Filter>Header Files\TouchGFX\common</Filter>
    </ClInclude>
    <ClInclude Include="$(TouchGFXReleasePath)\framework\include\mvp\MVPApplication.hpp">
      <Filter>Header Files\TouchGFX\mvp</Filter>
    </ClInclude>
    <ClInclude Include="$(TouchGFXReleasePath)\framework\include\mvp\MVPHeap.hpp">
      <Filter>Header Files\TouchGFX\mvp</Filter>
    </ClInclude>
    <ClInclude Include="$(TouchGFXReleasePath)\framework\include\mvp\Presenter.hpp">
      <Filter>Header Files\TouchGFX\mvp</Filter>
    </ClInclude>
    <ClInclude Include="$(TouchGFXReleasePath)\framework\include\mvp\View.hpp">
      <Filter>Header Files\TouchGFX\mvp</Filter>
    </ClInclude>
    <ClInclude Include="$(TouchGFXReleasePath)\framework\include\platform\driver\lcd\LCD16bpp.hpp">
      <Filter>Header Files\TouchGFX\platform\driver\lcd</Filter>
    </ClInclude>
    <ClInclude Include="$(TouchGFXReleasePath)\framework\include\platform\driver\lcd\LCD1bpp.hpp">
      <Filter>Header Files\TouchGFX\platform\driver\lcd</Filter>
    </ClInclude>
    <ClInclude Include="$(TouchGFXReleasePath)\framework\include\platform\driver\lcd\LCD24bpp.hpp">
      <Filter>Header Files\TouchGFX\platform\driver\lcd</Filter>
    </ClInclude>
    <ClInclude Include="$(TouchGFXReleasePath)\framework\include\platform\driver\lcd\LCD2bpp.hpp">
      <Filter>Header Files\TouchGFX\platform\driver\lcd</Filter>
    </ClInclude>
    <ClInclude Include="$(TouchGFXReleasePath)\framework\include\platform\driver\lcd\LCD4bpp.hpp">
      <Filter>Header Files\TouchGFX\platform\driver\lcd</Filter>
    </ClInclude>
    <ClInclude Include="$(TouchGFXReleasePath)\framework\include\platform\driver\touch\SDL2TouchController.hpp">
      <Filter>Header Files\TouchGFX\platform\driver\touch</Filter>
    </ClInclude>
    <ClInclude Include="$(TouchGFXReleasePath)\framework\include\platform\hal\simulator\sdl2\HALSDL2.hpp">
      <Filter>Header Files\TouchGFX\platform\hal\simulator\sdl2</Filter>
    </ClInclude>
    <ClInclude Include="$(TouchGFXReleasePath)\framework\include\touchgfx\Application.hpp">
      <Filter>Header Files\TouchGFX\touchgfx</Filter>
    </ClInclude>
    <ClInclude Include="$(TouchGFXReleasePath)\framework\include\touchgfx\Bitmap.hpp">
      <Filter>Header Files\TouchGFX\touchgfx</Filter>
    </ClInclude>
    <ClInclude Include="$(TouchGFXReleasePath)\framework\include\touchgfx\Callback.hpp">
      <Filter>Header Files\TouchGFX\touchgfx</Filter>
    </ClInclude>
    <ClInclude Include="$(TouchGFXReleasePath)\framework\include\touchgfx\canvas_widget_renderer\CanvasWidgetRenderer.hpp">
      <Filter>Header Files\TouchGFX\touchgfx\canvas_widget_renderer</Filter>
    </ClInclude>
    <ClInclude Include="$(TouchGFXReleasePath)\framework\include\touchgfx\canvas_widget_renderer\Cell.hpp">
      <Filter>Header Files\TouchGFX\touchgfx\canvas_widget_renderer</Filter>
    </ClInclude>
    <ClInclude Include="$(TouchGFXReleasePath)\framework\include\touchgfx\canvas_widget_renderer\Outline.hpp">
      <Filter>Header Files\TouchGFX\touchgfx\canvas_widget_renderer</Filter>
    </ClInclude>
    <ClInclude Include="$(TouchGFXReleasePath)\framework\include\touchgfx\canvas_widget_renderer\Rasterizer.hpp">
      <Filter>Header Files\TouchGFX\touchgfx\canvas_widget_renderer</Filter>
    </ClInclude>
    <ClInclude Include="$(TouchGFXReleasePath)\framework\include\touchgfx\canvas_widget_renderer\Renderer.hpp">
      <Filter>Header Files\TouchGFX\touchgfx\canvas_widget_renderer</Filter>
    </ClInclude>
    <ClInclude Include="$(TouchGFXReleasePath)\framework\include\touchgfx\canvas_widget_renderer\RenderingBuffer.hpp">
      <Filter>Header Files\TouchGFX\touchgfx\canvas_widget_renderer</Filter>
    </ClInclude>
    <ClInclude Include="$(TouchGFXReleasePath)\framework\include\touchgfx\canvas_widget_renderer\RGBA8.hpp">
      <Filter>Header Files\TouchGFX\touchgfx\canvas_widget_renderer</Filter>
    </ClInclude>
    <ClInclude Include="$(TouchGFXReleasePath)\framework\include\touchgfx\canvas_widget_renderer\Scanline.hpp">
      <Filter>Header Files\TouchGFX\touchgfx\canvas_widget_renderer</Filter>
    </ClInclude>
    <ClInclude Include="$(TouchGFXReleasePath)\framework\include\touchgfx\Color.hpp">
      <Filter>Header Files\TouchGFX\touchgfx</Filter>
    </ClInclude>
    <ClInclude Include="$(TouchGFXReleasePath)\framework\include\touchgfx\ConstFont.hpp">
      <Filter>Header Files\TouchGFX\touchgfx</Filter>
    </ClInclude>
    <ClInclude Include="$(TouchGFXReleasePath)\framework\include\touchgfx\containers\clock\AbstractClock.hpp">
      <Filter>Header Files\TouchGFX\touchgfx\containers\clock</Filter>
    </ClInclude>
    <ClInclude Include="$(TouchGFXReleasePath)\framework\include\touchgfx\containers\clock\AnalogClock.hpp">
      <Filter>Header Files\TouchGFX\touchgfx\containers\clock</Filter>
    </ClInclude>
    <ClInclude Include="$(TouchGFXReleasePath)\framework\include\touchgfx\containers\clock\DigitalClock.hpp">
      <Filter>Header Files\TouchGFX\touchgfx\containers\clock</Filter>
    </ClInclude>
    <ClInclude Include="$(TouchGFXReleasePath)\framework\include\touchgfx\containers\Container.hpp">
      <Filter>Header Files\TouchGFX\touchgfx\containers</Filter>
    </ClInclude>
    <ClInclude Include="$(TouchGFXReleasePath)\framework\include\touchgfx\containers\ListLayout.hpp">
      <Filter>Header Files\TouchGFX\touchgfx\containers</Filter>
    </ClInclude>
    <ClInclude Include="$(TouchGFXReleasePath)\framework\include\touchgfx\containers\ModalWindow.hpp">
      <Filter>Header Files\TouchGFX\touchgfx\containers</Filter>
    </ClInclude>
    <ClInclude Include="$(TouchGFXReleasePath)\framework\include\touchgfx\containers\progress_indicators\AbstractDirectionProgress.hpp">
      <Filter>Header Files\TouchGFX\touchgfx\containers\progress_indicators</Filter>
    </ClInclude>
    <ClInclude Include="$(TouchGFXReleasePath)\framework\include\touchgfx\containers\progress_indicators\AbstractProgressIndicator.hpp">
      <Filter>Header Files\TouchGFX\touchgfx\containers\progress_indicators</Filter>
    </ClInclude>
    <ClInclude Include="$(TouchGFXReleasePath)\framework\include\touchgfx\containers\progress_indicators\BoxProgress.hpp">
      <Filter>Header Files\TouchGFX\touchgfx\containers\progress_indicators</Filter>
    </ClInclude>
    <ClInclude Include="$(TouchGFXReleasePath)\framework\include\touchgfx\containers\progress_indicators\CircleProgress.hpp">
      <Filter>Header Files\TouchGFX\touchgfx\containers\progress_indicators</Filter>
    </ClInclude>
    <ClInclude Include="$(TouchGFXReleasePath)\framework\include\touchgfx\containers\progress_indicators\ImageProgress.hpp">
      <Filter>Header Files\TouchGFX\touchgfx\containers\progress_indicators</Filter>
    </ClInclude>
    <ClInclude Include="$(TouchGFXReleasePath)\framework\include\touchgfx\containers\progress_indicators\LineProgress.hpp">
      <Filter>Header Files\TouchGFX\touchgfx\containers\progress_indicators</Filter>
    </ClInclude>
    <ClInclude Include="$(TouchGFXReleasePath)\framework\include\touchgfx\containers\progress_indicators\TextProgress.hpp">
      <Filter>Header Files\TouchGFX\touchgfx\containers\progress_indicators</Filter>
    </ClInclude>
    <ClInclude Include="$(TouchGFXReleasePath)\framework\include\touchgfx\containers\ScrollableContainer.hpp">
      <Filter>Header Files\TouchGFX\touchgfx\containers</Filter>
    </ClInclude>
    <ClInclude Include="$(TouchGFXReleasePath)\framework\include\touchgfx\containers\SlideMenu.hpp">
      <Filter>Header Files\TouchGFX\touchgfx\containers</Filter>
    </ClInclude>
    <ClInclude Include="$(TouchGFXReleasePath)\framework\include\touchgfx\containers\Slider.hpp">
      <Filter>Header Files\TouchGFX\touchgfx\containers</Filter>
    </ClInclude>
    <ClInclude Include="$(TouchGFXReleasePath)\framework\include\touchgfx\containers\ZoomAnimationImage.hpp">
      <Filter>Header Files\TouchGFX\touchgfx\containers</Filter>
    </ClInclude>
    <ClInclude Include="$(TouchGFXReleasePath)\framework\include\touchgfx\Drawable.hpp">
      <Filter>Header Files\TouchGFX\touchgfx</Filter>
    </ClInclude>
    <ClInclude Include="$(TouchGFXReleasePath)\framework\include\touchgfx\EasingEquations.hpp">
      <Filter>Header Files\TouchGFX\touchgfx</Filter>
    </ClInclude>
    <ClInclude Include="$(TouchGFXReleasePath)\framework\include\touchgfx\Event.hpp">
      <Filter>Header Files\TouchGFX\touchgfx</Filter>
    </ClInclude>
    <ClInclude Include="$(TouchGFXReleasePath)\framework\include\touchgfx\events\ClickEvent.hpp">
      <Filter>Header Files\TouchGFX\touchgfx\events</Filter>
    </ClInclude>
    <ClInclude Include="$(TouchGFXReleasePath)\framework\include\touchgfx\events\DragEvent.hpp">
      <Filter>Header Files\TouchGFX\touchgfx\events</Filter>
    </ClInclude>
    <ClInclude Include="$(TouchGFXReleasePath)\framework\include\touchgfx\events\GestureEvent.hpp">
      <Filter>Header Files\TouchGFX\touchgfx\events</Filter>
    </ClInclude>
    <ClInclude Include="$(TouchGFXReleasePath)\framework\include\touchgfx\Font.hpp">
      <Filter>Header Files\TouchGFX\touchgfx</Filter>
    </ClInclude>
    <ClInclude Include="$(TouchGFXReleasePath)\framework\include\touchgfx\FontManager.hpp">
      <Filter>Header Files\TouchGFX\touchgfx</Filter>
    </ClInclude>
    <ClInclude Include="$(TouchGFXReleasePath)\framework\include\touchgfx\hal\Atomic.hpp">
      <Filter>Header Files\TouchGFX\touchgfx\hal</Filter>
    </ClInclude>
    <ClInclude Include="$(TouchGFXReleasePath)\framework\include\touchgfx\hal\BlitOp.hpp">
      <Filter>Header Files\TouchGFX\touchgfx\hal</Filter>
    </ClInclude>
    <ClInclude Include="$(TouchGFXReleasePath)\framework\include\touchgfx\hal\BoardConfiguration.hpp">
      <Filter>Header Files\TouchGFX\touchgfx\hal</Filter>
    </ClInclude>
    <ClInclude Include="$(TouchGFXReleasePath)\framework\include\touchgfx\hal\Buttons.hpp">
      <Filter>Header Files\TouchGFX\touchgfx\hal</Filter>
    </ClInclude>
    <ClInclude Include="$(TouchGFXReleasePath)\framework\include\touchgfx\hal\Config.hpp">
      <Filter>Header Files\TouchGFX\touchgfx\hal</Filter>
    </ClInclude>
    <ClInclude Include="$(TouchGFXReleasePath)\framework\include\touchgfx\hal\DMA.hpp">
      <Filter>Header Files\TouchGFX\touchgfx\hal</Filter>
    </ClInclude>
    <ClInclude Include="$(TouchGFXReleasePath)\framework\include\touchgfx\hal\Gestures.hpp">
      <Filter>Header Files\TouchGFX\touchgfx\hal</Filter>
    </ClInclude>
    <ClInclude Include="$(TouchGFXReleasePath)\framework\include\touchgfx\hal\GPIO.hpp">
      <Filter>Header Files\TouchGFX\touchgfx\hal</Filter>
    </ClInclude>
    <ClInclude Include="$(TouchGFXReleasePath)\framework\include\touchgfx\hal\HAL.hpp">
      <Filter>Header Files\TouchGFX\touchgfx\hal</Filter>
    </ClInclude>
    <ClInclude Include="$(TouchGFXReleasePath)\framework\include\touchgfx\hal\LED.hpp">
      <Filter>Header Files\TouchGFX\touchgfx\hal</Filter>
    </ClInclude>
    <ClInclude Include="$(TouchGFXReleasePath)\framework\include\touchgfx\hal\NoDMA.hpp">
      <Filter>Header Files\TouchGFX\touchgfx\hal</Filter>
    </ClInclude>
    <ClInclude Include="$(TouchGFXReleasePath)\framework\include\touchgfx\hal\OSWrappers.hpp">
      <Filter>Header Files\TouchGFX\touchgfx\hal</Filter>
    </ClInclude>
    <ClInclude Include="$(TouchGFXReleasePath)\framework\include\touchgfx\hal\Types.hpp">
      <Filter>Header Files\TouchGFX\touchgfx\hal</Filter>
    </ClInclude>
    <ClInclude Include="$(TouchGFXReleasePath)\framework\include\touchgfx\InternalFlashFont.hpp">
      <Filter>Header Files\TouchGFX\touchgfx</Filter>
    </ClInclude>
    <ClInclude Include="$(TouchGFXReleasePath)\framework\include\touchgfx\JSMOCHelper.hpp">
      <Filter>Header Files\TouchGFX\touchgfx</Filter>
    </ClInclude>
    <ClInclude Include="$(TouchGFXReleasePath)\framework\include\touchgfx\lcd\LCD.hpp">
      <Filter>Header Files\TouchGFX\touchgfx\lcd</Filter>
    </ClInclude>
    <ClInclude Include="$(TouchGFXReleasePath)\framework\include\touchgfx\Math3D.hpp">
      <Filter>Header Files\TouchGFX\touchgfx</Filter>
    </ClInclude>
    <ClInclude Include="$(TouchGFXReleasePath)\framework\include\touchgfx\mixins\ClickListener.hpp">
      <Filter>Header Files\TouchGFX\touchgfx\mixins</Filter>
    </ClInclude>
    <ClInclude Include="$(TouchGFXReleasePath)\framework\include\touchgfx\mixins\Draggable.hpp">
      <Filter>Header Files\TouchGFX\touchgfx\mixins</Filter>
    </ClInclude>
    <ClInclude Include="$(TouchGFXReleasePath)\framework\include\touchgfx\mixins\FadeAnimator.hpp">
      <Filter>Header Files\TouchGFX\touchgfx\mixins</Filter>
    </ClInclude>
    <ClInclude Include="$(TouchGFXReleasePath)\framework\include\touchgfx\mixins\MoveAnimator.hpp">
      <Filter>Header Files\TouchGFX\touchgfx\mixins</Filter>
    </ClInclude>
    <ClInclude Include="$(TouchGFXReleasePath)\framework\include\touchgfx\mixins\PreRenderable.hpp">
      <Filter>Header Files\TouchGFX\touchgfx\mixins</Filter>
    </ClInclude>
    <ClInclude Include="$(TouchGFXReleasePath)\framework\include\touchgfx\mixins\Snapper.hpp">
      <Filter>Header Files\TouchGFX\touchgfx\mixins</Filter>
    </ClInclude>
    <ClInclude Include="$(TouchGFXReleasePath)\framework\include\touchgfx\Screen.hpp">
      <Filter>Header Files\TouchGFX\touchgfx</Filter>
    </ClInclude>
    <ClInclude Include="$(TouchGFXReleasePath)\framework\include\touchgfx\TextProvider.hpp">
      <Filter>Header Files\TouchGFX\touchgfx</Filter>
    </ClInclude>
    <ClInclude Include="$(TouchGFXReleasePath)\framework\include\touchgfx\Texts.hpp">
      <Filter>Header Files\TouchGFX\touchgfx</Filter>
    </ClInclude>
    <ClInclude Include="$(TouchGFXReleasePath)\framework\include\touchgfx\TextureMapTypes.hpp">
      <Filter>Header Files\TouchGFX\touchgfx</Filter>
    </ClInclude>
    <ClInclude Include="$(TouchGFXReleasePath)\framework\include\touchgfx\transforms\DisplayTransformation.hpp">
      <Filter>Header Files\TouchGFX\touchgfx\transforms</Filter>
    </ClInclude>
    <ClInclude Include="$(TouchGFXReleasePath)\framework\include\touchgfx\transforms\TouchCalibration.hpp">
      <Filter>Header Files\TouchGFX\touchgfx\transforms</Filter>
    </ClInclude>
    <ClInclude Include="$(TouchGFXReleasePath)\framework\include\touchgfx\transitions\NoTransition.hpp">
      <Filter>Header Files\TouchGFX\touchgfx\transitions</Filter>
    </ClInclude>
    <ClInclude Include="$(TouchGFXReleasePath)\framework\include\touchgfx\transitions\SlideTransition.hpp">
      <Filter>Header Files\TouchGFX\touchgfx\transitions</Filter>
    </ClInclude>
    <ClInclude Include="$(TouchGFXReleasePath)\framework\include\touchgfx\transitions\Transition.hpp">
      <Filter>Header Files\TouchGFX\touchgfx\transitions</Filter>
    </ClInclude>
    <ClInclude Include="$(TouchGFXReleasePath)\framework\include\touchgfx\TypedText.hpp">
      <Filter>Header Files\TouchGFX\touchgfx</Filter>
    </ClInclude>
    <ClInclude Include="$(TouchGFXReleasePath)\framework\include\touchgfx\UIEventListener.hpp">
      <Filter>Header Files\TouchGFX\touchgfx</Filter>
    </ClInclude>
    <ClInclude Include="$(TouchGFXReleasePath)\framework\include\touchgfx\Unicode.hpp">
      <Filter>Header Files\TouchGFX\touchgfx</Filter>
    </ClInclude>
    <ClInclude Include="$(TouchGFXReleasePath)\framework\include\touchgfx\Utils.hpp">
      <Filter>Header Files\TouchGFX\touchgfx</Filter>
    </ClInclude>
    <ClInclude Include="$(TouchGFXReleasePath)\framework\include\touchgfx\widgets\AbstractButton.hpp">
      <Filter>Header Files\TouchGFX\touchgfx\widgets</Filter>
    </ClInclude>
    <ClInclude Include="$(TouchGFXReleasePath)\framework\include\touchgfx\widgets\AnimatedImage.hpp">
      <Filter>Header Files\TouchGFX\touchgfx\widgets</Filter>
    </ClInclude>
    <ClInclude Include="$(TouchGFXReleasePath)\framework\include\touchgfx\widgets\AnimationTextureMapper.hpp">
      <Filter>Header Files\TouchGFX\touchgfx\widgets</Filter>
    </ClInclude>
    <ClInclude Include="$(TouchGFXReleasePath)\framework\include\touchgfx\widgets\Box.hpp">
      <Filter>Header Files\TouchGFX\touchgfx\widgets</Filter>
    </ClInclude>
    <ClInclude Include="$(TouchGFXReleasePath)\framework\include\touchgfx\widgets\Button.hpp">
      <Filter>Header Files\TouchGFX\touchgfx\widgets</Filter>
    </ClInclude>
    <ClInclude Include="$(TouchGFXReleasePath)\framework\include\touchgfx\widgets\ButtonWithIcon.hpp">
      <Filter>Header Files\TouchGFX\touchgfx\widgets</Filter>
    </ClInclude>
    <ClInclude Include="$(TouchGFXReleasePath)\framework\include\touchgfx\widgets\ButtonWithLabel.hpp">
      <Filter>Header Files\TouchGFX\touchgfx\widgets</Filter>
    </ClInclude>
    <ClInclude Include="$(TouchGFXReleasePath)\framework\include\touchgfx\widgets\canvas\AbstractPainter.hpp">
      <Filter>Header Files\TouchGFX\touchgfx\widgets\canvas</Filter>
    </ClInclude>
    <ClInclude Include="$(TouchGFXReleasePath)\framework\include\touchgfx\widgets\canvas\AbstractPainterBW.hpp">
      <Filter>Header Files\TouchGFX\touchgfx\widgets\canvas</Filter>
    </ClInclude>
    <ClInclude Include="$(TouchGFXReleasePath)\framework\include\touchgfx\widgets\canvas\AbstractPainterGRAY2.hpp">
      <Filter>Header Files\TouchGFX\touchgfx\widgets\canvas</Filter>
    </ClInclude>
    <ClInclude Include="$(TouchGFXReleasePath)\framework\include\touchgfx\widgets\canvas\AbstractPainterGRAY4.hpp">
      <Filter>Header Files\TouchGFX\touchgfx\widgets\canvas</Filter>
    </ClInclude>
    <ClInclude Include="$(TouchGFXReleasePath)\framework\include\touchgfx\widgets\canvas\AbstractPainterRGB565.hpp">
      <Filter>Header Files\TouchGFX\touchgfx\widgets\canvas</Filter>
    </ClInclude>
    <ClInclude Include="$(TouchGFXReleasePath)\framework\include\touchgfx\widgets\canvas\AbstractPainterRGB888.hpp">
      <Filter>Header Files\TouchGFX\touchgfx\widgets\canvas</Filter>
    </ClInclude>
    <ClInclude Include="$(TouchGFXReleasePath)\framework\include\touchgfx\widgets\canvas\AbstractShape.hpp">
      <Filter>Header Files\TouchGFX\touchgfx\widgets\canvas</Filter>
    </ClInclude>
    <ClInclude Include="$(TouchGFXReleasePath)\framework\include\touchgfx\widgets\canvas\Canvas.hpp">
      <Filter>Header Files\TouchGFX\touchgfx\widgets\canvas</Filter>
    </ClInclude>
    <ClInclude Include="$(TouchGFXReleasePath)\framework\include\touchgfx\widgets\canvas\CanvasWidget.hpp">
      <Filter>Header Files\TouchGFX\touchgfx\widgets\canvas</Filter>
    </ClInclude>
    <ClInclude Include="$(TouchGFXReleasePath)\framework\include\touchgfx\widgets\canvas\Circle.hpp">
      <Filter>Header Files\TouchGFX\touchgfx\widgets\canvas</Filter>
    </ClInclude>
    <ClInclude Include="$(TouchGFXReleasePath)\framework\include\touchgfx\widgets\canvas\CWRUtil.hpp">
      <Filter>Header Files\TouchGFX\touchgfx\widgets\canvas</Filter>
    </ClInclude>
    <ClInclude Include="$(TouchGFXReleasePath)\framework\include\touchgfx\widgets\canvas\Line.hpp">
      <Filter>Header Files\TouchGFX\touchgfx\widgets\canvas</Filter>
    </ClInclude>
    <ClInclude Include="$(TouchGFXReleasePath)\framework\include\touchgfx\widgets\canvas\PainterBW.hpp">
      <Filter>Header Files\TouchGFX\touchgfx\widgets\canvas</Filter>
    </ClInclude>
    <ClInclude Include="$(TouchGFXReleasePath)\framework\include\touchgfx\widgets\canvas\PainterGRAY2.hpp">
      <Filter>Header Files\TouchGFX\touchgfx\widgets\canvas</Filter>
    </ClInclude>
    <ClInclude Include="$(TouchGFXReleasePath)\framework\include\touchgfx\widgets\canvas\PainterGRAY2Bitmap.hpp">
      <Filter>Header Files\TouchGFX\touchgfx\widgets\canvas</Filter>
    </ClInclude>
    <ClInclude Include="$(TouchGFXReleasePath)\framework\include\touchgfx\widgets\canvas\PainterGRAY4.hpp">
      <Filter>Header Files\TouchGFX\touchgfx\widgets\canvas</Filter>
    </ClInclude>
    <ClInclude Include="$(TouchGFXReleasePath)\framework\include\touchgfx\widgets\canvas\PainterGRAY4Bitmap.hpp">
      <Filter>Header Files\TouchGFX\touchgfx\widgets\canvas</Filter>
    </ClInclude>
    <ClInclude Include="$(TouchGFXReleasePath)\framework\include\touchgfx\widgets\canvas\PainterRGB565.hpp">
      <Filter>Header Files\TouchGFX\touchgfx\widgets\canvas</Filter>
    </ClInclude>
    <ClInclude Include="$(TouchGFXReleasePath)\framework\include\touchgfx\widgets\canvas\PainterRGB565Bitmap.hpp">
      <Filter>Header Files\TouchGFX\touchgfx\widgets\canvas</Filter>
    </ClInclude>
    <ClInclude Include="$(TouchGFXReleasePath)\framework\include\touchgfx\widgets\canvas\PainterRGB888.hpp">
      <Filter>Header Files\TouchGFX\touchgfx\widgets\canvas</Filter>
    </ClInclude>
    <ClInclude Include="$(TouchGFXReleasePath)\framework\include\touchgfx\widgets\canvas\PainterRGB888Bitmap.hpp">
      <Filter>Header Files\TouchGFX\touchgfx\widgets\canvas</Filter>
    </ClInclude>
    <ClInclude Include="$(TouchGFXReleasePath)\framework\include\touchgfx\widgets\canvas\Shape.hpp">
      <Filter>Header Files\TouchGFX\touchgfx\widgets\canvas</Filter>
    </ClInclude>
    <ClInclude Include="$(TouchGFXReleasePath)\framework\include\touchgfx\widgets\Image.hpp">
      <Filter>Header Files\TouchGFX\touchgfx\widgets</Filter>
    </ClInclude>
    <ClInclude Include="$(TouchGFXReleasePath)\framework\include\touchgfx\widgets\Keyboard.hpp">
      <Filter>Header Files\TouchGFX\touchgfx\widgets</Filter>
    </ClInclude>
    <ClInclude Include="$(TouchGFXReleasePath)\framework\include\touchgfx\widgets\PixelDataWidget.hpp">
      <Filter>Header Files\TouchGFX\touchgfx\widgets</Filter>
    </ClInclude>
    <ClInclude Include="$(TouchGFXReleasePath)\framework\include\touchgfx\widgets\RadioButton.hpp">
      <Filter>Header Files\TouchGFX\touchgfx\widgets</Filter>
    </ClInclude>
    <ClInclude Include="$(TouchGFXReleasePath)\framework\include\touchgfx\widgets\RadioButtonGroup.hpp">
      <Filter>Header Files\TouchGFX\touchgfx\widgets</Filter>
    </ClInclude>
    <ClInclude Include="$(TouchGFXReleasePath)\framework\include\touchgfx\widgets\RepeatButton.hpp">
      <Filter>Header Files\TouchGFX\touchgfx\widgets</Filter>
    </ClInclude>
    <ClInclude Include="$(TouchGFXReleasePath)\framework\include\touchgfx\widgets\ScalableImage.hpp">
      <Filter>Header Files\TouchGFX\touchgfx\widgets</Filter>
    </ClInclude>
    <ClInclude Include="$(TouchGFXReleasePath)\framework\include\touchgfx\widgets\SnapshotWidget.hpp">
      <Filter>Header Files\TouchGFX\touchgfx\widgets</Filter>
    </ClInclude>
    <ClInclude Include="$(TouchGFXReleasePath)\framework\include\touchgfx\widgets\TextArea.hpp">
      <Filter>Header Files\TouchGFX\touchgfx\widgets</Filter>
    </ClInclude>
    <ClInclude Include="$(TouchGFXReleasePath)\framework\include\touchgfx\widgets\TextAreaWithWildcard.hpp">
      <Filter>Header Files\TouchGFX\touchgfx\widgets</Filter>
    </ClInclude>
    <ClInclude Include="$(TouchGFXReleasePath)\framework\include\touchgfx\widgets\TextureMapper.hpp">
      <Filter>Header Files\TouchGFX\touchgfx\widgets</Filter>
    </ClInclude>
    <ClInclude Include="$(TouchGFXReleasePath)\framework\include\touchgfx\widgets\TiledImage.hpp">
      <Filter>Header Files\TouchGFX\touchgfx\widgets</Filter>
    </ClInclude>
    <ClInclude Include="$(TouchGFXReleasePath)\framework\include\touchgfx\widgets\ToggleButton.hpp">
      <Filter>Header Files\TouchGFX\touchgfx\widgets</Filter>
    </ClInclude>
    <ClInclude Include="$(TouchGFXReleasePath)\framework\include\touchgfx\widgets\TouchArea.hpp">
      <Filter>Header Files\TouchGFX\touchgfx\widgets</Filter>
    </ClInclude>
    <ClInclude Include="$(TouchGFXReleasePath)\framework\include\touchgfx\widgets\Widget.hpp">
      <Filter>Header Files\TouchGFX\touchgfx\widgets</Filter>
    </ClInclude>
    <ClInclude Include="$(ApplicationRoot)\generated\simulator\include\simulator\mainBase.hpp">
      <Filter>Header Files\generated\simulator</Filter>
    </ClInclude>
    <ClInclude Include="..\..\gui\include\gui\common\FrontendApplication.hpp">
      <Filter>Header Files\gui\common</Filter>
    </ClInclude>
    <ClInclude Include="..\..\generated\gui_generated\include\gui_generated\common\FrontendApplicationBase.hpp">
      <Filter>Header Files\generated\gui_generated\common</Filter>
    </ClInclude>
    <ClInclude Include="..\..\gui\include\gui\common\FrontendHeap.hpp">
      <Filter>Header Files\gui\common</Filter>
    </ClInclude>
    <ClInclude Include="..\..\generated\gui_generated\include\gui_generated\common\FrontendHeapBase.hpp">
      <Filter>Header Files\generated\gui_generated\common</Filter>
    </ClInclude>
    <ClInclude Include="..\..\gui\include\gui\model\Model.hpp">
      <Filter>Header Files\gui\model</Filter>
    </ClInclude>
    <ClInclude Include="..\..\gui\include\gui\model\ModelListener.hpp">
      <Filter>Header Files\gui\model</Filter>
    </ClInclude>
    <ClInclude Include="..\..\generated\gui_generated\include\gui_generated\common\SimConstants.hpp">
      <Filter>Header Files\generated\gui_generated\common</Filter>
    </ClInclude>
    <ClInclude Include="..\..\gui\include\gui\screen10_screen\Screen10Presenter.hpp">
      <Filter>Header Files\gui\screen10_screen</Filter>
    </ClInclude>
    <ClInclude Include="..\..\gui\include\gui\screen10_screen\Screen10View.hpp">
      <Filter>Header Files\gui\screen10_screen</Filter>
    </ClInclude>
    <ClInclude Include="..\..\generated\gui_generated\include\gui_generated\screen10_screen\Screen10ViewBase.hpp">
      <Filter>Header Files\generated\gui_generated\screen10_screen</Filter>
    </ClInclude>
    <ClInclude Include="..\..\gui\include\gui\screen11_screen\Screen11Presenter.hpp">
      <Filter>Header Files\gui\screen11_screen</Filter>
    </ClInclude>
    <ClInclude Include="..\..\gui\include\gui\screen11_screen\Screen11View.hpp">
      <Filter>Header Files\gui\screen11_screen</Filter>
    </ClInclude>
    <ClInclude Include="..\..\generated\gui_generated\include\gui_generated\screen11_screen\Screen11ViewBase.hpp">
      <Filter>Header Files\generated\gui_generated\screen11_screen</Filter>
    </ClInclude>
    <ClInclude Include="..\..\gui\include\gui\screen12_screen\Screen12Presenter.hpp">
      <Filter>Header Files\gui\screen12_screen</Filter>
    </ClInclude>
    <ClInclude Include="..\..\gui\include\gui\screen12_screen\Screen12View.hpp">
      <Filter>Header Files\gui\screen12_screen</Filter>
    </ClInclude>
    <ClInclude Include="..\..\generated\gui_generated\include\gui_generated\screen12_screen\Screen12ViewBase.hpp">
      <Filter>Header Files\generated\gui_generated\screen12_screen</Filter>
    </ClInclude>
    <ClInclude Include="..\..\gui\include\gui\screen13_screen\Screen13Presenter.hpp">
      <Filter>Header Files\gui\screen13_screen</Filter>
    </ClInclude>
    <ClInclude Include="..\..\gui\include\gui\screen13_screen\Screen13View.hpp">
      <Filter>Header Files\gui\screen13_screen</Filter>
    </ClInclude>
    <ClInclude Include="..\..\generated\gui_generated\include\gui_generated\screen13_screen\Screen13ViewBase.hpp">
      <Filter>Header Files\generated\gui_generated\screen13_screen</Filter>
    </ClInclude>
    <ClInclude Include="..\..\gui\include\gui\screen14_screen\Screen14Presenter.hpp">
      <Filter>Header Files\gui\screen14_screen</Filter>
    </ClInclude>
    <ClInclude Include="..\..\gui\include\gui\screen14_screen\Screen14View.hpp">
      <Filter>Header Files\gui\screen14_screen</Filter>
    </ClInclude>
    <ClInclude Include="..\..\generated\gui_generated\include\gui_generated\screen14_screen\Screen14ViewBase.hpp">
      <Filter>Header Files\generated\gui_generated\screen14_screen</Filter>
    </ClInclude>
    <ClInclude Include="..\..\gui\include\gui\screen15_screen\Screen15Presenter.hpp">
      <Filter>Header Files\gui\screen15_screen</Filter>
    </ClInclude>
    <ClInclude Include="..\..\gui\include\gui\screen15_screen\Screen15View.hpp">
      <Filter>Header Files\gui\screen15_screen</Filter>
    </ClInclude>
    <ClInclude Include="..\..\generated\gui_generated\include\gui_generated\screen15_screen\Screen15ViewBase.hpp">
      <Filter>Header Files\generated\gui_generated\screen15_screen</Filter>
    </ClInclude>
    <ClInclude Include="..\..\gui\include\gui\screen02_screen\Screen02Presenter.hpp">
      <Filter>Header Files\gui\screen02_screen</Filter>
    </ClInclude>
    <ClInclude Include="..\..\gui\include\gui\screen02_screen\Screen02View.hpp">
      <Filter>Header Files\gui\screen02_screen</Filter>
    </ClInclude>
    <ClInclude Include="..\..\generated\gui_generated\include\gui_generated\screen02_screen\Screen02ViewBase.hpp">
      <Filter>Header Files\generated\gui_generated\screen02_screen</Filter>
    </ClInclude>
    <ClInclude Include="..\..\gui\include\gui\screen03_screen\Screen03Presenter.hpp">
      <Filter>Header Files\gui\screen03_screen</Filter>
    </ClInclude>
    <ClInclude Include="..\..\gui\include\gui\screen03_screen\Screen03View.hpp">
      <Filter>Header Files\gui\screen03_screen</Filter>
    </ClInclude>
    <ClInclude Include="..\..\generated\gui_generated\include\gui_generated\screen03_screen\Screen03ViewBase.hpp">
      <Filter>Header Files\generated\gui_generated\screen03_screen</Filter>
    </ClInclude>
    <ClInclude Include="..\..\gui\include\gui\screen04_screen\Screen04Presenter.hpp">
      <Filter>Header Files\gui\screen04_screen</Filter>
    </ClInclude>
    <ClInclude Include="..\..\gui\include\gui\screen04_screen\Screen04View.hpp">
      <Filter>Header Files\gui\screen04_screen</Filter>
    </ClInclude>
    <ClInclude Include="..\..\generated\gui_generated\include\gui_generated\screen04_screen\Screen04ViewBase.hpp">
      <Filter>Header Files\generated\gui_generated\screen04_screen</Filter>
    </ClInclude>
    <ClInclude Include="..\..\gui\include\gui\screen05_screen\Screen05Presenter.hpp">
      <Filter>Header Files\gui\screen05_screen</Filter>
    </ClInclude>
    <ClInclude Include="..\..\gui\include\gui\screen05_screen\Screen05View.hpp">
      <Filter>Header Files\gui\screen05_screen</Filter>
    </ClInclude>
    <ClInclude Include="..\..\generated\gui_generated\include\gui_generated\screen05_screen\Screen05ViewBase.hpp">
      <Filter>Header Files\generated\gui_generated\screen05_screen</Filter>
    </ClInclude>
    <ClInclude Include="..\..\gui\include\gui\screen06_screen\Screen06Presenter.hpp">
      <Filter>Header Files\gui\screen06_screen</Filter>
    </ClInclude>
    <ClInclude Include="..\..\gui\include\gui\screen06_screen\Screen06View.hpp">
      <Filter>Header Files\gui\screen06_screen</Filter>
    </ClInclude>
    <ClInclude Include="..\..\generated\gui_generated\include\gui_generated\screen06_screen\Screen06ViewBase.hpp">
      <Filter>Header Files\generated\gui_generated\screen06_screen</Filter>
    </ClInclude>
    <ClInclude Include="..\..\gui\include\gui\screen07_screen\Screen07Presenter.hpp">
      <Filter>Header Files\gui\screen07_screen</Filter>
    </ClInclude>
    <ClInclude Include="..\..\gui\include\gui\screen07_screen\Screen07View.hpp">
      <Filter>Header Files\gui\screen07_screen</Filter>
    </ClInclude>
    <ClInclude Include="..\..\generated\gui_generated\include\gui_generated\screen07_screen\Screen07ViewBase.hpp">
      <Filter>Header Files\generated\gui_generated\screen07_screen</Filter>
    </ClInclude>
    <ClInclude Include="..\..\gui\include\gui\screen08_screen\Screen08Presenter.hpp">
      <Filter>Header Files\gui\screen08_screen</Filter>
    </ClInclude>
    <ClInclude Include="..\..\gui\include\gui\screen08_screen\Screen08View.hpp">
      <Filter>Header Files\gui\screen08_screen</Filter>
    </ClInclude>
    <ClInclude Include="..\..\generated\gui_generated\include\gui_generated\screen08_screen\Screen08ViewBase.hpp">
      <Filter>Header Files\generated\gui_generated\screen08_screen</Filter>
    </ClInclude>
    <ClInclude Include="..\..\gui\include\gui\screen09_screen\Screen09Presenter.hpp">
      <Filter>Header Files\gui\screen09_screen</Filter>
    </ClInclude>
    <ClInclude Include="..\..\gui\include\gui\screen09_screen\Screen09View.hpp">
      <Filter>Header Files\gui\screen09_screen</Filter>
    </ClInclude>
    <ClInclude Include="..\..\generated\gui_generated\include\gui_generated\screen09_screen\Screen09ViewBase.hpp">
      <Filter>Header Files\generated\gui_generated\screen09_screen</Filter>
    </ClInclude>
    <ClInclude Include="..\..\gui\include\gui\screen99_screen\Screen99Presenter.hpp">
      <Filter>Header Files\gui\screen99_screen</Filter>
    </ClInclude>
    <ClInclude Include="..\..\gui\include\gui\screen99_screen\Screen99View.hpp">
      <Filter>Header Files\gui\screen99_screen</Filter>
    </ClInclude>
    <ClInclude Include="..\..\generated\gui_generated\include\gui_generated\screen99_screen\Screen99ViewBase.hpp">
      <Filter>Header Files\generated\gui_generated\screen99_screen</Filter>
    </ClInclude>
  </ItemGroup>
  <ItemGroup>
    <ResourceCompile Include="$(ApplicationRoot)\generated\simulator\touchgfx.rc">
      <Filter>Resource Files</Filter>
    </ResourceCompile>
  </ItemGroup>
</Project>
